// !$*UTF8*$!
{
	archiveVersion = 1;
	classes = {
	};
	objectVersion = 52;
	objects = {

/* Begin PBXBuildFile section */
		C8292A432533FC2F006E5A1F /* Memex.swift in Sources */ = {isa = PBXBuildFile; fileRef = C8292A422533FC2F006E5A1F /* Memex.swift */; };
		C8292A462533FC6D006E5A1F /* Main.swift in Sources */ = {isa = PBXBuildFile; fileRef = C8292A452533FC6D006E5A1F /* Main.swift */; };
		C8292A4A2533FC92006E5A1F /* MemexView.swift in Sources */ = {isa = PBXBuildFile; fileRef = C8292A492533FC92006E5A1F /* MemexView.swift */; };
		C831EC01253BD18D00003546 /* Styles.swift in Sources */ = {isa = PBXBuildFile; fileRef = C831EC00253BD18D00003546 /* Styles.swift */; };
		C831EC07253BDCC600003546 /* MessageView.swift in Sources */ = {isa = PBXBuildFile; fileRef = C831EC06253BDCC600003546 /* MessageView.swift */; };
		C831EC0A253BDCFC00003546 /* EditView.swift in Sources */ = {isa = PBXBuildFile; fileRef = C831EC09253BDCFC00003546 /* EditView.swift */; };
		C831EC0E253BDD2200003546 /* InputView.swift in Sources */ = {isa = PBXBuildFile; fileRef = C831EC0D253BDD2200003546 /* InputView.swift */; };
		C831EC15253C043A00003546 /* SettingsView.swift in Sources */ = {isa = PBXBuildFile; fileRef = C831EC14253C043900003546 /* SettingsView.swift */; };
		C831EC26253D283400003546 /* Memex.xcdatamodeld in Sources */ = {isa = PBXBuildFile; fileRef = C831EC23253D283400003546 /* Memex.xcdatamodeld */; };
		C85956882542AF5C00908405 /* Introspect in Frameworks */ = {isa = PBXBuildFile; productRef = C85956872542AF5C00908405 /* Introspect */; };
		C86EC68F25369F2E00005402 /* Assets.xcassets in Resources */ = {isa = PBXBuildFile; fileRef = C86EC68E25369F2E00005402 /* Assets.xcassets */; };
		C8819BD02537A5500094B22F /* Util.swift in Sources */ = {isa = PBXBuildFile; fileRef = C8819BCF2537A5500094B22F /* Util.swift */; };
		C8F66EC2253D433600B5D395 /* Database.swift in Sources */ = {isa = PBXBuildFile; fileRef = C8F66EC1253D433600B5D395 /* Database.swift */; };
/* End PBXBuildFile section */

/* Begin PBXFileReference section */
		C8292A2F2533FB1D006E5A1F /* Memex.app */ = {isa = PBXFileReference; explicitFileType = wrapper.application; includeInIndex = 0; path = Memex.app; sourceTree = BUILT_PRODUCTS_DIR; };
		C8292A3B2533FB1F006E5A1F /* Info.plist */ = {isa = PBXFileReference; lastKnownFileType = text.plist.xml; path = Info.plist; sourceTree = "<group>"; };
		C8292A422533FC2F006E5A1F /* Memex.swift */ = {isa = PBXFileReference; lastKnownFileType = sourcecode.swift; path = Memex.swift; sourceTree = "<group>"; };
		C8292A452533FC6D006E5A1F /* Main.swift */ = {isa = PBXFileReference; lastKnownFileType = sourcecode.swift; path = Main.swift; sourceTree = "<group>"; };
		C8292A492533FC92006E5A1F /* MemexView.swift */ = {isa = PBXFileReference; lastKnownFileType = sourcecode.swift; path = MemexView.swift; sourceTree = "<group>"; };
		C831EC00253BD18D00003546 /* Styles.swift */ = {isa = PBXFileReference; lastKnownFileType = sourcecode.swift; path = Styles.swift; sourceTree = "<group>"; };
		C831EC06253BDCC600003546 /* MessageView.swift */ = {isa = PBXFileReference; lastKnownFileType = sourcecode.swift; path = MessageView.swift; sourceTree = "<group>"; };
		C831EC09253BDCFC00003546 /* EditView.swift */ = {isa = PBXFileReference; lastKnownFileType = sourcecode.swift; path = EditView.swift; sourceTree = "<group>"; };
		C831EC0D253BDD2200003546 /* InputView.swift */ = {isa = PBXFileReference; lastKnownFileType = sourcecode.swift; path = InputView.swift; sourceTree = "<group>"; };
		C831EC14253C043900003546 /* SettingsView.swift */ = {isa = PBXFileReference; lastKnownFileType = sourcecode.swift; path = SettingsView.swift; sourceTree = "<group>"; };
		C831EC24253D283400003546 /* Memex.xcdatamodel */ = {isa = PBXFileReference; lastKnownFileType = wrapper.xcdatamodel; path = Memex.xcdatamodel; sourceTree = "<group>"; };
		C86EC68E25369F2E00005402 /* Assets.xcassets */ = {isa = PBXFileReference; lastKnownFileType = folder.assetcatalog; path = Assets.xcassets; sourceTree = "<group>"; };
		C8819BCF2537A5500094B22F /* Util.swift */ = {isa = PBXFileReference; lastKnownFileType = sourcecode.swift; path = Util.swift; sourceTree = "<group>"; };
		C8F66EC1253D433600B5D395 /* Database.swift */ = {isa = PBXFileReference; lastKnownFileType = sourcecode.swift; path = Database.swift; sourceTree = "<group>"; };
/* End PBXFileReference section */

/* Begin PBXFrameworksBuildPhase section */
		C8292A2C2533FB1D006E5A1F /* Frameworks */ = {
			isa = PBXFrameworksBuildPhase;
			buildActionMask = 2147483647;
			files = (
				C85956882542AF5C00908405 /* Introspect in Frameworks */,
			);
			runOnlyForDeploymentPostprocessing = 0;
		};
/* End PBXFrameworksBuildPhase section */

/* Begin PBXGroup section */
		C8292A262533FB1D006E5A1F = {
			isa = PBXGroup;
			children = (
				C8292A312533FB1D006E5A1F /* Memex */,
				C8292A302533FB1D006E5A1F /* Products */,
			);
			sourceTree = "<group>";
		};
		C8292A302533FB1D006E5A1F /* Products */ = {
			isa = PBXGroup;
			children = (
				C8292A2F2533FB1D006E5A1F /* Memex.app */,
			);
			name = Products;
			sourceTree = "<group>";
		};
		C8292A312533FB1D006E5A1F /* Memex */ = {
			isa = PBXGroup;
			children = (
				C8292A452533FC6D006E5A1F /* Main.swift */,
				C8292A422533FC2F006E5A1F /* Memex.swift */,
				C8819BCF2537A5500094B22F /* Util.swift */,
				C831EC04253BDC7100003546 /* Views */,
				C8F66EC1253D433600B5D395 /* Database.swift */,
				C831EC23253D283400003546 /* Memex.xcdatamodeld */,
				C8292A3B2533FB1F006E5A1F /* Info.plist */,
				C86EC68E25369F2E00005402 /* Assets.xcassets */,
			);
			path = Memex;
			sourceTree = "<group>";
		};
		C831EC04253BDC7100003546 /* Views */ = {
			isa = PBXGroup;
			children = (
				C8292A492533FC92006E5A1F /* MemexView.swift */,
				C831EC06253BDCC600003546 /* MessageView.swift */,
				C831EC09253BDCFC00003546 /* EditView.swift */,
				C831EC0D253BDD2200003546 /* InputView.swift */,
				C831EC14253C043900003546 /* SettingsView.swift */,
				C831EC00253BD18D00003546 /* Styles.swift */,
			);
			path = Views;
			sourceTree = "<group>";
		};
/* End PBXGroup section */

/* Begin PBXNativeTarget section */
		C8292A2E2533FB1D006E5A1F /* Memex */ = {
			isa = PBXNativeTarget;
			buildConfigurationList = C8292A3E2533FB1F006E5A1F /* Build configuration list for PBXNativeTarget "Memex" */;
			buildPhases = (
				C8292A2B2533FB1D006E5A1F /* Sources */,
				C8292A2C2533FB1D006E5A1F /* Frameworks */,
				C8292A2D2533FB1D006E5A1F /* Resources */,
			);
			buildRules = (
			);
			dependencies = (
			);
			name = Memex;
			packageProductDependencies = (
				C85956872542AF5C00908405 /* Introspect */,
			);
			productName = Memex;
			productReference = C8292A2F2533FB1D006E5A1F /* Memex.app */;
			productType = "com.apple.product-type.application";
		};
/* End PBXNativeTarget section */

/* Begin PBXProject section */
		C8292A272533FB1D006E5A1F /* Project object */ = {
			isa = PBXProject;
			attributes = {
				LastSwiftUpdateCheck = 1200;
				LastUpgradeCheck = 1200;
				TargetAttributes = {
					C8292A2E2533FB1D006E5A1F = {
						CreatedOnToolsVersion = 12.0.1;
					};
				};
			};
			buildConfigurationList = C8292A2A2533FB1D006E5A1F /* Build configuration list for PBXProject "Memex" */;
			compatibilityVersion = "Xcode 9.3";
			developmentRegion = en;
			hasScannedForEncodings = 0;
			knownRegions = (
				en,
				Base,
			);
			mainGroup = C8292A262533FB1D006E5A1F;
			packageReferences = (
				C85956862542AF5C00908405 /* XCRemoteSwiftPackageReference "SwiftUI-Introspect" */,
			);
			productRefGroup = C8292A302533FB1D006E5A1F /* Products */;
			projectDirPath = "";
			projectRoot = "";
			targets = (
				C8292A2E2533FB1D006E5A1F /* Memex */,
			);
		};
/* End PBXProject section */

/* Begin PBXResourcesBuildPhase section */
		C8292A2D2533FB1D006E5A1F /* Resources */ = {
			isa = PBXResourcesBuildPhase;
			buildActionMask = 2147483647;
			files = (
				C86EC68F25369F2E00005402 /* Assets.xcassets in Resources */,
			);
			runOnlyForDeploymentPostprocessing = 0;
		};
/* End PBXResourcesBuildPhase section */

/* Begin PBXSourcesBuildPhase section */
		C8292A2B2533FB1D006E5A1F /* Sources */ = {
			isa = PBXSourcesBuildPhase;
			buildActionMask = 2147483647;
			files = (
				C831EC07253BDCC600003546 /* MessageView.swift in Sources */,
				C8F66EC2253D433600B5D395 /* Database.swift in Sources */,
				C8292A4A2533FC92006E5A1F /* MemexView.swift in Sources */,
				C8292A432533FC2F006E5A1F /* Memex.swift in Sources */,
				C831EC15253C043A00003546 /* SettingsView.swift in Sources */,
				C831EC01253BD18D00003546 /* Styles.swift in Sources */,
				C831EC0A253BDCFC00003546 /* EditView.swift in Sources */,
				C831EC0E253BDD2200003546 /* InputView.swift in Sources */,
				C831EC26253D283400003546 /* Memex.xcdatamodeld in Sources */,
				C8292A462533FC6D006E5A1F /* Main.swift in Sources */,
				C8819BD02537A5500094B22F /* Util.swift in Sources */,
			);
			runOnlyForDeploymentPostprocessing = 0;
		};
/* End PBXSourcesBuildPhase section */

/* Begin XCBuildConfiguration section */
		C8292A3C2533FB1F006E5A1F /* Debug */ = {
			isa = XCBuildConfiguration;
			buildSettings = {
				ALWAYS_SEARCH_USER_PATHS = NO;
				CLANG_ANALYZER_NONNULL = YES;
				CLANG_ANALYZER_NUMBER_OBJECT_CONVERSION = YES_AGGRESSIVE;
				CLANG_CXX_LANGUAGE_STANDARD = "gnu++14";
				CLANG_CXX_LIBRARY = "libc++";
				CLANG_ENABLE_MODULES = YES;
				CLANG_ENABLE_OBJC_ARC = YES;
				CLANG_ENABLE_OBJC_WEAK = YES;
				CLANG_WARN_BLOCK_CAPTURE_AUTORELEASING = YES;
				CLANG_WARN_BOOL_CONVERSION = YES;
				CLANG_WARN_COMMA = YES;
				CLANG_WARN_CONSTANT_CONVERSION = YES;
				CLANG_WARN_DEPRECATED_OBJC_IMPLEMENTATIONS = YES;
				CLANG_WARN_DIRECT_OBJC_ISA_USAGE = YES_ERROR;
				CLANG_WARN_DOCUMENTATION_COMMENTS = YES;
				CLANG_WARN_EMPTY_BODY = YES;
				CLANG_WARN_ENUM_CONVERSION = YES;
				CLANG_WARN_INFINITE_RECURSION = YES;
				CLANG_WARN_INT_CONVERSION = YES;
				CLANG_WARN_NON_LITERAL_NULL_CONVERSION = YES;
				CLANG_WARN_OBJC_IMPLICIT_RETAIN_SELF = YES;
				CLANG_WARN_OBJC_LITERAL_CONVERSION = YES;
				CLANG_WARN_OBJC_ROOT_CLASS = YES_ERROR;
				CLANG_WARN_QUOTED_INCLUDE_IN_FRAMEWORK_HEADER = YES;
				CLANG_WARN_RANGE_LOOP_ANALYSIS = YES;
				CLANG_WARN_STRICT_PROTOTYPES = YES;
				CLANG_WARN_SUSPICIOUS_MOVE = YES;
				CLANG_WARN_UNGUARDED_AVAILABILITY = YES_AGGRESSIVE;
				CLANG_WARN_UNREACHABLE_CODE = YES;
				CLANG_WARN__DUPLICATE_METHOD_MATCH = YES;
				COPY_PHASE_STRIP = NO;
				DEBUG_INFORMATION_FORMAT = dwarf;
				ENABLE_STRICT_OBJC_MSGSEND = YES;
				ENABLE_TESTABILITY = YES;
				GCC_C_LANGUAGE_STANDARD = gnu11;
				GCC_DYNAMIC_NO_PIC = NO;
				GCC_NO_COMMON_BLOCKS = YES;
				GCC_OPTIMIZATION_LEVEL = 0;
				GCC_PREPROCESSOR_DEFINITIONS = (
					"DEBUG=1",
					"$(inherited)",
				);
				GCC_WARN_64_TO_32_BIT_CONVERSION = YES;
				GCC_WARN_ABOUT_RETURN_TYPE = YES_ERROR;
				GCC_WARN_UNDECLARED_SELECTOR = YES;
				GCC_WARN_UNINITIALIZED_AUTOS = YES_AGGRESSIVE;
				GCC_WARN_UNUSED_FUNCTION = YES;
				GCC_WARN_UNUSED_VARIABLE = YES;
				IPHONEOS_DEPLOYMENT_TARGET = 14.0;
				MTL_ENABLE_DEBUG_INFO = INCLUDE_SOURCE;
				MTL_FAST_MATH = YES;
				ONLY_ACTIVE_ARCH = YES;
				SDKROOT = iphoneos;
				SWIFT_ACTIVE_COMPILATION_CONDITIONS = DEBUG;
				SWIFT_OPTIMIZATION_LEVEL = "-Onone";
			};
			name = Debug;
		};
		C8292A3D2533FB1F006E5A1F /* Release */ = {
			isa = XCBuildConfiguration;
			buildSettings = {
				ALWAYS_SEARCH_USER_PATHS = NO;
				CLANG_ANALYZER_NONNULL = YES;
				CLANG_ANALYZER_NUMBER_OBJECT_CONVERSION = YES_AGGRESSIVE;
				CLANG_CXX_LANGUAGE_STANDARD = "gnu++14";
				CLANG_CXX_LIBRARY = "libc++";
				CLANG_ENABLE_MODULES = YES;
				CLANG_ENABLE_OBJC_ARC = YES;
				CLANG_ENABLE_OBJC_WEAK = YES;
				CLANG_WARN_BLOCK_CAPTURE_AUTORELEASING = YES;
				CLANG_WARN_BOOL_CONVERSION = YES;
				CLANG_WARN_COMMA = YES;
				CLANG_WARN_CONSTANT_CONVERSION = YES;
				CLANG_WARN_DEPRECATED_OBJC_IMPLEMENTATIONS = YES;
				CLANG_WARN_DIRECT_OBJC_ISA_USAGE = YES_ERROR;
				CLANG_WARN_DOCUMENTATION_COMMENTS = YES;
				CLANG_WARN_EMPTY_BODY = YES;
				CLANG_WARN_ENUM_CONVERSION = YES;
				CLANG_WARN_INFINITE_RECURSION = YES;
				CLANG_WARN_INT_CONVERSION = YES;
				CLANG_WARN_NON_LITERAL_NULL_CONVERSION = YES;
				CLANG_WARN_OBJC_IMPLICIT_RETAIN_SELF = YES;
				CLANG_WARN_OBJC_LITERAL_CONVERSION = YES;
				CLANG_WARN_OBJC_ROOT_CLASS = YES_ERROR;
				CLANG_WARN_QUOTED_INCLUDE_IN_FRAMEWORK_HEADER = YES;
				CLANG_WARN_RANGE_LOOP_ANALYSIS = YES;
				CLANG_WARN_STRICT_PROTOTYPES = YES;
				CLANG_WARN_SUSPICIOUS_MOVE = YES;
				CLANG_WARN_UNGUARDED_AVAILABILITY = YES_AGGRESSIVE;
				CLANG_WARN_UNREACHABLE_CODE = YES;
				CLANG_WARN__DUPLICATE_METHOD_MATCH = YES;
				COPY_PHASE_STRIP = NO;
				DEBUG_INFORMATION_FORMAT = "dwarf-with-dsym";
				ENABLE_NS_ASSERTIONS = NO;
				ENABLE_STRICT_OBJC_MSGSEND = YES;
				GCC_C_LANGUAGE_STANDARD = gnu11;
				GCC_NO_COMMON_BLOCKS = YES;
				GCC_WARN_64_TO_32_BIT_CONVERSION = YES;
				GCC_WARN_ABOUT_RETURN_TYPE = YES_ERROR;
				GCC_WARN_UNDECLARED_SELECTOR = YES;
				GCC_WARN_UNINITIALIZED_AUTOS = YES_AGGRESSIVE;
				GCC_WARN_UNUSED_FUNCTION = YES;
				GCC_WARN_UNUSED_VARIABLE = YES;
				IPHONEOS_DEPLOYMENT_TARGET = 14.0;
				MTL_ENABLE_DEBUG_INFO = NO;
				MTL_FAST_MATH = YES;
				SDKROOT = iphoneos;
				SWIFT_COMPILATION_MODE = wholemodule;
				SWIFT_OPTIMIZATION_LEVEL = "-O";
				VALIDATE_PRODUCT = YES;
			};
			name = Release;
		};
		C8292A3F2533FB1F006E5A1F /* Debug */ = {
			isa = XCBuildConfiguration;
			buildSettings = {
				ASSETCATALOG_COMPILER_APPICON_NAME = AppIcon;
				ASSETCATALOG_COMPILER_GLOBAL_ACCENT_COLOR_NAME = AccentColor;
				CODE_SIGN_STYLE = Automatic;
				CURRENT_PROJECT_VERSION = 3;
				DEVELOPMENT_ASSET_PATHS = "";
				DEVELOPMENT_TEAM = RZLVXECJZM;
				ENABLE_PREVIEWS = YES;
				INFOPLIST_FILE = Memex/Info.plist;
				IPHONEOS_DEPLOYMENT_TARGET = 14.0;
				LD_RUNPATH_SEARCH_PATHS = (
					"$(inherited)",
					"@executable_path/Frameworks",
				);
				PRODUCT_BUNDLE_IDENTIFIER = com.emmazhou.memex;
				PRODUCT_NAME = "$(TARGET_NAME)";
				SWIFT_VERSION = 5.0;
				TARGETED_DEVICE_FAMILY = "1,2";
			};
			name = Debug;
		};
		C8292A402533FB1F006E5A1F /* Release */ = {
			isa = XCBuildConfiguration;
			buildSettings = {
				ASSETCATALOG_COMPILER_APPICON_NAME = AppIcon;
				ASSETCATALOG_COMPILER_GLOBAL_ACCENT_COLOR_NAME = AccentColor;
				CODE_SIGN_STYLE = Automatic;
				CURRENT_PROJECT_VERSION = 3;
				DEVELOPMENT_ASSET_PATHS = "";
				DEVELOPMENT_TEAM = RZLVXECJZM;
				ENABLE_PREVIEWS = YES;
				INFOPLIST_FILE = Memex/Info.plist;
				IPHONEOS_DEPLOYMENT_TARGET = 14.0;
				LD_RUNPATH_SEARCH_PATHS = (
					"$(inherited)",
					"@executable_path/Frameworks",
				);
				PRODUCT_BUNDLE_IDENTIFIER = com.emmazhou.memex;
				PRODUCT_NAME = "$(TARGET_NAME)";
				SWIFT_VERSION = 5.0;
				TARGETED_DEVICE_FAMILY = "1,2";
			};
			name = Release;
		};
/* End XCBuildConfiguration section */

/* Begin XCConfigurationList section */
		C8292A2A2533FB1D006E5A1F /* Build configuration list for PBXProject "Memex" */ = {
			isa = XCConfigurationList;
			buildConfigurations = (
				C8292A3C2533FB1F006E5A1F /* Debug */,
				C8292A3D2533FB1F006E5A1F /* Release */,
			);
			defaultConfigurationIsVisible = 0;
			defaultConfigurationName = Release;
		};
		C8292A3E2533FB1F006E5A1F /* Build configuration list for PBXNativeTarget "Memex" */ = {
			isa = XCConfigurationList;
			buildConfigurations = (
				C8292A3F2533FB1F006E5A1F /* Debug */,
				C8292A402533FB1F006E5A1F /* Release */,
			);
			defaultConfigurationIsVisible = 0;
			defaultConfigurationName = Release;
		};
/* End XCConfigurationList section */

/* Begin XCRemoteSwiftPackageReference section */
		C85956862542AF5C00908405 /* XCRemoteSwiftPackageReference "SwiftUI-Introspect" */ = {
			isa = XCRemoteSwiftPackageReference;
			repositoryURL = "https://github.com/siteline/SwiftUI-Introspect.git";
			requirement = {
				kind = exactVersion;
				version = 0.0.6;
			};
		};
/* End XCRemoteSwiftPackageReference section */

/* Begin XCSwiftPackageProductDependency section */
		C85956872542AF5C00908405 /* Introspect */ = {
			isa = XCSwiftPackageProductDependency;
			package = C85956862542AF5C00908405 /* XCRemoteSwiftPackageReference "SwiftUI-Introspect" */;
			productName = Introspect;
		};
/* End XCSwiftPackageProductDependency section */

/* Begin XCVersionGroup section */
		C831EC23253D283400003546 /* Memex.xcdatamodeld */ = {
			isa = XCVersionGroup;
			children = (
				C831EC24253D283400003546 /* Memex.xcdatamodel */,
			);
			currentVersion = C831EC24253D283400003546 /* Memex.xcdatamodel */;
			path = Memex.xcdatamodeld;
			sourceTree = "<group>";
			versionGroupType = wrapper.xcdatamodel;
		};
/* End XCVersionGroup section */
	};
	rootObject = C8292A272533FB1D006E5A1F /* Project object */;
}
